{
  "version": 4,
  "terraform_version": "0.14.9",
  "serial": 8,
  "lineage": "4d6c8a50-ff57-30f6-c2ca-827d4289ab05",
  "outputs": {
    "Virual-Network-ID": {
      "value": "/subscriptions/c1398deb-e418-4506-addf-30cab5054809/resourceGroups/learn-5213847c-a9af-4e83-847f-d9710a97e883/providers/Microsoft.Network/virtualNetworks/myVM-Vnet",
      "type": "string"
    },
    "Virual-Network-Name": {
      "value": "myVM-Vnet",
      "type": "string"
    },
    "id": {
      "value": "/subscriptions/c1398deb-e418-4506-addf-30cab5054809/resourceGroups/learn-5213847c-a9af-4e83-847f-d9710a97e883",
      "type": "string"
    },
    "location": {
      "value": "westus",
      "type": "string"
    }
  },
  "resources": [
    {
      "mode": "data",
      "type": "azurerm_resource_group",
      "name": "rg",
      "provider": "provider[\"registry.terraform.io/hashicorp/azurerm\"]",
      "instances": [
        {
          "schema_version": 0,
          "attributes": {
            "id": "/subscriptions/c1398deb-e418-4506-addf-30cab5054809/resourceGroups/learn-5213847c-a9af-4e83-847f-d9710a97e883",
            "location": "westus",
            "name": "learn-5213847c-a9af-4e83-847f-d9710a97e883",
            "tags": {
              "x-created-by": "freelearning",
              "x-created-for": "41cb9c67-3fa6-446c-b41e-b1a468bc1b99",
              "x-module-id": "learn.azure.protect-vm-settings-with-dsc"
            },
            "timeouts": null
          },
          "sensitive_attributes": []
        }
      ]
    },
    {
      "mode": "data",
      "type": "azurerm_virtual_network",
      "name": "vnetinfo",
      "provider": "provider[\"registry.terraform.io/hashicorp/azurerm\"]",
      "instances": [
        {
          "schema_version": 0,
          "attributes": {
            "address_space": [
              "10.0.0.0/16"
            ],
            "dns_servers": [],
            "guid": "5c9eee23-f70b-401a-8057-5297fddd0b36",
            "id": "/subscriptions/c1398deb-e418-4506-addf-30cab5054809/resourceGroups/learn-5213847c-a9af-4e83-847f-d9710a97e883/providers/Microsoft.Network/virtualNetworks/myVM-Vnet",
            "location": "westus",
            "name": "myVM-Vnet",
            "resource_group_name": "learn-5213847c-a9af-4e83-847f-d9710a97e883",
            "subnets": [
              "myVM-Subnet"
            ],
            "timeouts": null,
            "vnet_peerings": {}
          },
          "sensitive_attributes": []
        }
      ]
    },
    {
      "mode": "managed",
      "type": "azurerm_subnet",
      "name": "subnet",
      "provider": "provider[\"registry.terraform.io/hashicorp/azurerm\"]",
      "instances": [
        {
          "schema_version": 0,
          "attributes": {
            "address_prefix": "10.0.2.0/24",
            "address_prefixes": [
              "10.0.2.0/24"
            ],
            "delegation": [],
            "enforce_private_link_endpoint_network_policies": false,
            "enforce_private_link_service_network_policies": false,
            "id": "/subscriptions/c1398deb-e418-4506-addf-30cab5054809/resourceGroups/learn-5213847c-a9af-4e83-847f-d9710a97e883/providers/Microsoft.Network/virtualNetworks/myVM-Vnet/subnets/myVM-Subnet",
            "name": "myVM-Subnet",
            "resource_group_name": "learn-5213847c-a9af-4e83-847f-d9710a97e883",
            "service_endpoint_policy_ids": [],
            "service_endpoints": [],
            "timeouts": null,
            "virtual_network_name": "myVM-Vnet"
          },
          "sensitive_attributes": [],
          "private": "eyJlMmJmYjczMC1lY2FhLTExZTYtOGY4OC0zNDM2M2JjN2M0YzAiOnsiY3JlYXRlIjoxODAwMDAwMDAwMDAwLCJkZWxldGUiOjE4MDAwMDAwMDAwMDAsInJlYWQiOjMwMDAwMDAwMDAwMCwidXBkYXRlIjoxODAwMDAwMDAwMDAwfX0=",
          "dependencies": [
            "azurerm_virtual_network.vnet",
            "data.azurerm_resource_group.rg",
            "data.azurerm_virtual_network.vnetinfo"
          ]
        }
      ]
    },
    {
      "mode": "managed",
      "type": "azurerm_virtual_network",
      "name": "vnet",
      "provider": "provider[\"registry.terraform.io/hashicorp/azurerm\"]",
      "instances": [
        {
          "schema_version": 0,
          "attributes": {
            "address_space": [
              "10.0.0.0/16"
            ],
            "bgp_community": "",
            "ddos_protection_plan": [],
            "dns_servers": [],
            "guid": "5c9eee23-f70b-401a-8057-5297fddd0b36",
            "id": "/subscriptions/c1398deb-e418-4506-addf-30cab5054809/resourceGroups/learn-5213847c-a9af-4e83-847f-d9710a97e883/providers/Microsoft.Network/virtualNetworks/myVM-Vnet",
            "location": "westus",
            "name": "myVM-Vnet",
            "resource_group_name": "learn-5213847c-a9af-4e83-847f-d9710a97e883",
            "subnet": [
              {
                "address_prefix": "10.0.2.0/24",
                "id": "/subscriptions/c1398deb-e418-4506-addf-30cab5054809/resourceGroups/learn-5213847c-a9af-4e83-847f-d9710a97e883/providers/Microsoft.Network/virtualNetworks/myVM-Vnet/subnets/myVM-Subnet",
                "name": "myVM-Subnet",
                "security_group": "/subscriptions/c1398deb-e418-4506-addf-30cab5054809/resourceGroups/SandboxNSGs/providers/Microsoft.Network/networkSecurityGroups/NSG-westus"
              }
            ],
            "tags": {},
            "timeouts": null,
            "vm_protection_enabled": false
          },
          "sensitive_attributes": [],
          "private": "eyJlMmJmYjczMC1lY2FhLTExZTYtOGY4OC0zNDM2M2JjN2M0YzAiOnsiY3JlYXRlIjoxODAwMDAwMDAwMDAwLCJkZWxldGUiOjE4MDAwMDAwMDAwMDAsInJlYWQiOjMwMDAwMDAwMDAwMCwidXBkYXRlIjoxODAwMDAwMDAwMDAwfX0=",
          "dependencies": [
            "data.azurerm_resource_group.rg"
          ]
        }
      ]
    },
    {
      "mode": "managed",
      "type": "azurerm_virtual_network",
      "name": "vnet1",
      "provider": "provider[\"registry.terraform.io/hashicorp/azurerm\"]",
      "instances": [
        {
          "schema_version": 0,
          "attributes": {
            "address_space": [
              "10.0.0.0/16"
            ],
            "bgp_community": "",
            "ddos_protection_plan": [],
            "dns_servers": null,
            "guid": "43bfe82f-f183-42ca-b750-fa8f1f88f2db",
            "id": "/subscriptions/c1398deb-e418-4506-addf-30cab5054809/resourceGroups/learn-5213847c-a9af-4e83-847f-d9710a97e883/providers/Microsoft.Network/virtualNetworks/eastVM-Vnet",
            "location": "eastus",
            "name": "eastVM-Vnet",
            "resource_group_name": "learn-5213847c-a9af-4e83-847f-d9710a97e883",
            "subnet": [],
            "tags": null,
            "timeouts": null,
            "vm_protection_enabled": false
          },
          "sensitive_attributes": [],
          "private": "eyJlMmJmYjczMC1lY2FhLTExZTYtOGY4OC0zNDM2M2JjN2M0YzAiOnsiY3JlYXRlIjoxODAwMDAwMDAwMDAwLCJkZWxldGUiOjE4MDAwMDAwMDAwMDAsInJlYWQiOjMwMDAwMDAwMDAwMCwidXBkYXRlIjoxODAwMDAwMDAwMDAwfX0=",
          "dependencies": [
            "data.azurerm_resource_group.rg"
          ]
        }
      ]
    }
  ]
}
