{
  "version": 4,
  "terraform_version": "0.14.8",
  "serial": 4,
  "lineage": "01a22bbe-d225-3011-1a51-ab86b43d3f8d",
  "outputs": {
    "id": {
      "value": "/subscriptions/ebc303b6-80cb-48a4-bd33-fc7075d5a829/resourceGroups/learn-9a8d7b9d-17e5-41a6-8d0f-892f53f9cd16",
      "type": "string"
    },
    "location": {
      "value": "westus",
      "type": "string"
    }
  },
  "resources": [
    {
      "mode": "data",
      "type": "azurerm_resource_group",
      "name": "rg",
      "provider": "provider[\"registry.terraform.io/hashicorp/azurerm\"]",
      "instances": [
        {
          "schema_version": 0,
          "attributes": {
            "id": "/subscriptions/ebc303b6-80cb-48a4-bd33-fc7075d5a829/resourceGroups/learn-9a8d7b9d-17e5-41a6-8d0f-892f53f9cd16",
            "location": "westus",
            "name": "learn-9a8d7b9d-17e5-41a6-8d0f-892f53f9cd16",
            "tags": {
              "x-created-by": "freelearning",
              "x-created-for": "41cb9c67-3fa6-446c-b41e-b1a468bc1b99",
              "x-module-id": "learn.create-a-windows-vm-in-azure"
            },
            "timeouts": null
          },
          "sensitive_attributes": []
        }
      ]
    },
    {
      "mode": "managed",
      "type": "azurerm_virtual_network",
      "name": "rg",
      "provider": "provider[\"registry.terraform.io/hashicorp/azurerm\"]",
      "instances": [
        {
          "schema_version": 0,
          "attributes": {
            "address_space": [
              "10.0.0.0/16"
            ],
            "bgp_community": "",
            "ddos_protection_plan": [],
            "dns_servers": null,
            "guid": "33713781-b0e7-4d86-b4e6-1a78bf13c854",
            "id": "/subscriptions/ebc303b6-80cb-48a4-bd33-fc7075d5a829/resourceGroups/learn-9a8d7b9d-17e5-41a6-8d0f-892f53f9cd16/providers/Microsoft.Network/virtualNetworks/vnet",
            "location": "westus",
            "name": "vnet",
            "resource_group_name": "learn-9a8d7b9d-17e5-41a6-8d0f-892f53f9cd16",
            "subnet": [],
            "tags": null,
            "timeouts": null,
            "vm_protection_enabled": false
          },
          "sensitive_attributes": [],
          "private": "eyJlMmJmYjczMC1lY2FhLTExZTYtOGY4OC0zNDM2M2JjN2M0YzAiOnsiY3JlYXRlIjoxODAwMDAwMDAwMDAwLCJkZWxldGUiOjE4MDAwMDAwMDAwMDAsInJlYWQiOjMwMDAwMDAwMDAwMCwidXBkYXRlIjoxODAwMDAwMDAwMDAwfX0=",
          "dependencies": [
            "data.azurerm_resource_group.rg"
          ]
        }
      ]
    }
  ]
}
